PODS:
  - Alamofire (4.7.3)
  - Kingfisher (4.10.0)
  - ObjectMapper (3.3.0)
  - ReactorKit (1.2.0):
    - RxSwift (>= 4.0.0)
  - RxCocoa (4.3.1):
    - RxSwift (~> 4.0)
  - RxOptional (3.5.0):
    - RxCocoa (~> 4.0)
    - RxSwift (~> 4.0)
  - RxSwift (4.3.1)
  - SnapKit (4.0.1)
  - SwiftyJSON (4.2.0)
  - Then (2.4.0)

DEPENDENCIES:
  - Alamofire
  - Kingfisher
  - ObjectMapper
  - ReactorKit
  - RxCocoa
  - RxOptional
  - RxSwift
  - SnapKit
  - SwiftyJSON
  - Then

SPEC REPOS:
  https://github.com/cocoapods/specs.git:
    - Alamofire
    - Kingfisher
    - ObjectMapper
    - ReactorKit
    - RxCocoa
    - RxOptional
    - RxSwift
    - SnapKit
    - SwiftyJSON
    - Then

SPEC CHECKSUMS:
  Alamofire: c7287b6e5d7da964a70935e5db17046b7fde6568
  Kingfisher: 43c4b802d8b5256cf1f4379e9cd10b329be6d3e2
  ObjectMapper: b612bf8c8e99c4dc0bb6013a51f7c27966ed5da9
  ReactorKit: 18ca466f1e77fef1827addeb921fba8ae14edd63
  RxCocoa: 78763c7b07d02455598d9fc3c1ad091a28b73635
  RxOptional: bd32ff8ca9df4177683d56ffeb618a9d4d5d5cad
  RxSwift: fe0fd770a43acdb7d0a53da411c9b892e69bb6e4
  SnapKit: 0de968a9fec17499afa29683b05d0c775b6d1c29
  SwiftyJSON: c4bcba26dd9ec7a027fc8eade48e2c911f229e96
  Then: 71866660c7af35a7343831f7668e7cd2b62ee0f2

PODFILE CHECKSUM: 90e0510fc294667fc864c427968aaa95ebec63ac

COCOAPODS: 1.5.3
