// !$*UTF8*$!
{
	archiveVersion = 1;
	classes = {
	};
	objectVersion = 51;
	objects = {

/* Begin PBXBuildFile section */
		1056B4262157459400B85D64 /* AppService.swift in Sources */ = {isa = PBXBuildFile; fileRef = 1056B4252157459400B85D64 /* AppService.swift */; };
		3EBF0E7D25872E68862CF3A9 /* Pods_RxFlickr.framework in Frameworks */ = {isa = PBXBuildFile; fileRef = 0352633A8BB7FDD7D9C6E1FA /* Pods_RxFlickr.framework */; };
		6F361303215613EF007967F6 /* PhotoCell.swift in Sources */ = {isa = PBXBuildFile; fileRef = 6F361302215613EF007967F6 /* PhotoCell.swift */; };
		6F3DC22121567D0800063F2E /* Photo.swift in Sources */ = {isa = PBXBuildFile; fileRef = 6F3DC22021567D0800063F2E /* Photo.swift */; };
		6F3DC2252156B9C200063F2E /* DetailVC.swift in Sources */ = {isa = PBXBuildFile; fileRef = 6F3DC2242156B9C200063F2E /* DetailVC.swift */; };
		6F45752521589A640074DC29 /* PhotoListViewReactor.swift in Sources */ = {isa = PBXBuildFile; fileRef = 6F45752421589A640074DC29 /* PhotoListViewReactor.swift */; };
		6FEA19392156125200E261D9 /* AppDelegate.swift in Sources */ = {isa = PBXBuildFile; fileRef = 6FEA19382156125200E261D9 /* AppDelegate.swift */; };
		6FEA193B2156125200E261D9 /* PhotoListVC.swift in Sources */ = {isa = PBXBuildFile; fileRef = 6FEA193A2156125200E261D9 /* PhotoListVC.swift */; };
		6FEA193E2156125200E261D9 /* Main.storyboard in Resources */ = {isa = PBXBuildFile; fileRef = 6FEA193C2156125200E261D9 /* Main.storyboard */; };
		6FEA19402156125400E261D9 /* Assets.xcassets in Resources */ = {isa = PBXBuildFile; fileRef = 6FEA193F2156125400E261D9 /* Assets.xcassets */; };
		6FEA19432156125400E261D9 /* LaunchScreen.storyboard in Resources */ = {isa = PBXBuildFile; fileRef = 6FEA19412156125400E261D9 /* LaunchScreen.storyboard */; };
		A047AD0521622C3C001FBD07 /* RealmManager.swift in Sources */ = {isa = PBXBuildFile; fileRef = A047AD0421622C3C001FBD07 /* RealmManager.swift */; };
		A0981F26215C134E00D2B191 /* .gitignore in Resources */ = {isa = PBXBuildFile; fileRef = A0981F25215C134E00D2B191 /* .gitignore */; };
		A0981F28215C135C00D2B191 /* README.md in Resources */ = {isa = PBXBuildFile; fileRef = A0981F27215C135B00D2B191 /* README.md */; };
		A0981F2A215C140800D2B191 /* rxFlickr.gif in Resources */ = {isa = PBXBuildFile; fileRef = A0981F29215C140800D2B191 /* rxFlickr.gif */; };
		A0A0CE8A215E81E400AB47CE /* sharp-share-24px.svg in Resources */ = {isa = PBXBuildFile; fileRef = A0A0CE89215E81E400AB47CE /* sharp-share-24px.svg */; };
		A0A0CE8D215F134900AB47CE /* RxSwiftOperation.swift in Sources */ = {isa = PBXBuildFile; fileRef = A0A0CE8C215F134900AB47CE /* RxSwiftOperation.swift */; };
		A0A0CE8F2160866100AB47CE /* UICollectionViewEx.swift in Sources */ = {isa = PBXBuildFile; fileRef = A0A0CE8E2160866100AB47CE /* UICollectionViewEx.swift */; };
		A0C1E48321614E06007B4895 /* FavouriteVC.swift in Sources */ = {isa = PBXBuildFile; fileRef = A0C1E48221614E06007B4895 /* FavouriteVC.swift */; };
		A0C1E485216152D2007B4895 /* RxSearchFlowLayout.swift in Sources */ = {isa = PBXBuildFile; fileRef = A0C1E484216152D2007B4895 /* RxSearchFlowLayout.swift */; };
		A0C1E48F2161795E007B4895 /* CodingUserInfoKey+Util.swift in Sources */ = {isa = PBXBuildFile; fileRef = A0C1E48E2161795E007B4895 /* CodingUserInfoKey+Util.swift */; };
		A0E0E685216136B7006D3935 /* UIControllerEx.swift in Sources */ = {isa = PBXBuildFile; fileRef = A0E0E684216136B7006D3935 /* UIControllerEx.swift */; };
/* End PBXBuildFile section */

/* Begin PBXFileReference section */
		0352633A8BB7FDD7D9C6E1FA /* Pods_RxFlickr.framework */ = {isa = PBXFileReference; explicitFileType = wrapper.framework; includeInIndex = 0; path = Pods_RxFlickr.framework; sourceTree = BUILT_PRODUCTS_DIR; };
		1056B4252157459400B85D64 /* AppService.swift */ = {isa = PBXFileReference; lastKnownFileType = sourcecode.swift; path = AppService.swift; sourceTree = "<group>"; };
		6F361302215613EF007967F6 /* PhotoCell.swift */ = {isa = PBXFileReference; lastKnownFileType = sourcecode.swift; path = PhotoCell.swift; sourceTree = "<group>"; };
		6F3DC22021567D0800063F2E /* Photo.swift */ = {isa = PBXFileReference; lastKnownFileType = sourcecode.swift; path = Photo.swift; sourceTree = "<group>"; };
		6F3DC2242156B9C200063F2E /* DetailVC.swift */ = {isa = PBXFileReference; lastKnownFileType = sourcecode.swift; path = DetailVC.swift; sourceTree = "<group>"; };
		6F45752421589A640074DC29 /* PhotoListViewReactor.swift */ = {isa = PBXFileReference; lastKnownFileType = sourcecode.swift; path = PhotoListViewReactor.swift; sourceTree = "<group>"; };
		6FEA19352156125200E261D9 /* RxFlickr.app */ = {isa = PBXFileReference; explicitFileType = wrapper.application; includeInIndex = 0; path = RxFlickr.app; sourceTree = BUILT_PRODUCTS_DIR; };
		6FEA19382156125200E261D9 /* AppDelegate.swift */ = {isa = PBXFileReference; lastKnownFileType = sourcecode.swift; path = AppDelegate.swift; sourceTree = "<group>"; };
		6FEA193A2156125200E261D9 /* PhotoListVC.swift */ = {isa = PBXFileReference; lastKnownFileType = sourcecode.swift; path = PhotoListVC.swift; sourceTree = "<group>"; };
		6FEA193D2156125200E261D9 /* Base */ = {isa = PBXFileReference; lastKnownFileType = file.storyboard; name = Base; path = Base.lproj/Main.storyboard; sourceTree = "<group>"; };
		6FEA193F2156125400E261D9 /* Assets.xcassets */ = {isa = PBXFileReference; lastKnownFileType = folder.assetcatalog; path = Assets.xcassets; sourceTree = "<group>"; };
		6FEA19422156125400E261D9 /* Base */ = {isa = PBXFileReference; lastKnownFileType = file.storyboard; name = Base; path = Base.lproj/LaunchScreen.storyboard; sourceTree = "<group>"; };
		6FEA19442156125400E261D9 /* Info.plist */ = {isa = PBXFileReference; lastKnownFileType = text.plist.xml; path = Info.plist; sourceTree = "<group>"; };
		A047AD0421622C3C001FBD07 /* RealmManager.swift */ = {isa = PBXFileReference; lastKnownFileType = sourcecode.swift; path = RealmManager.swift; sourceTree = "<group>"; };
		A0981F25215C134E00D2B191 /* .gitignore */ = {isa = PBXFileReference; fileEncoding = 4; lastKnownFileType = text; path = .gitignore; sourceTree = "<group>"; };
		A0981F27215C135B00D2B191 /* README.md */ = {isa = PBXFileReference; fileEncoding = 4; lastKnownFileType = net.daringfireball.markdown; path = README.md; sourceTree = "<group>"; };
		A0981F29215C140800D2B191 /* rxFlickr.gif */ = {isa = PBXFileReference; lastKnownFileType = image.gif; path = rxFlickr.gif; sourceTree = "<group>"; };
		A0A0CE89215E81E400AB47CE /* sharp-share-24px.svg */ = {isa = PBXFileReference; fileEncoding = 4; lastKnownFileType = text; path = "sharp-share-24px.svg"; sourceTree = "<group>"; };
		A0A0CE8C215F134900AB47CE /* RxSwiftOperation.swift */ = {isa = PBXFileReference; lastKnownFileType = sourcecode.swift; path = RxSwiftOperation.swift; sourceTree = "<group>"; };
		A0A0CE8E2160866100AB47CE /* UICollectionViewEx.swift */ = {isa = PBXFileReference; lastKnownFileType = sourcecode.swift; path = UICollectionViewEx.swift; sourceTree = "<group>"; };
		A0C1E48221614E06007B4895 /* FavouriteVC.swift */ = {isa = PBXFileReference; lastKnownFileType = sourcecode.swift; path = FavouriteVC.swift; sourceTree = "<group>"; };
		A0C1E484216152D2007B4895 /* RxSearchFlowLayout.swift */ = {isa = PBXFileReference; lastKnownFileType = sourcecode.swift; path = RxSearchFlowLayout.swift; sourceTree = "<group>"; };
		A0C1E48E2161795E007B4895 /* CodingUserInfoKey+Util.swift */ = {isa = PBXFileReference; lastKnownFileType = sourcecode.swift; path = "CodingUserInfoKey+Util.swift"; sourceTree = "<group>"; };
		A0E0E684216136B7006D3935 /* UIControllerEx.swift */ = {isa = PBXFileReference; lastKnownFileType = sourcecode.swift; path = UIControllerEx.swift; sourceTree = "<group>"; };
		CCF64BB5A5AB38BC29FF69CD /* Pods-RxFlickr.release.xcconfig */ = {isa = PBXFileReference; includeInIndex = 1; lastKnownFileType = text.xcconfig; name = "Pods-RxFlickr.release.xcconfig"; path = "Pods/Target Support Files/Pods-RxFlickr/Pods-RxFlickr.release.xcconfig"; sourceTree = "<group>"; };
		D249AC8B4A30702336FD0BD0 /* Pods-RxFlickr.debug.xcconfig */ = {isa = PBXFileReference; includeInIndex = 1; lastKnownFileType = text.xcconfig; name = "Pods-RxFlickr.debug.xcconfig"; path = "Pods/Target Support Files/Pods-RxFlickr/Pods-RxFlickr.debug.xcconfig"; sourceTree = "<group>"; };
/* End PBXFileReference section */

/* Begin PBXFrameworksBuildPhase section */
		6FEA19322156125200E261D9 /* Frameworks */ = {
			isa = PBXFrameworksBuildPhase;
			buildActionMask = 2147483647;
			files = (
				3EBF0E7D25872E68862CF3A9 /* Pods_RxFlickr.framework in Frameworks */,
			);
			runOnlyForDeploymentPostprocessing = 0;
		};
/* End PBXFrameworksBuildPhase section */

/* Begin PBXGroup section */
		1056B4242157458600B85D64 /* Service */ = {
			isa = PBXGroup;
			children = (
				1056B4252157459400B85D64 /* AppService.swift */,
			);
			path = Service;
			sourceTree = "<group>";
		};
		3F8575244708F6C80783F6A4 /* Pods */ = {
			isa = PBXGroup;
			children = (
				D249AC8B4A30702336FD0BD0 /* Pods-RxFlickr.debug.xcconfig */,
				CCF64BB5A5AB38BC29FF69CD /* Pods-RxFlickr.release.xcconfig */,
			);
			name = Pods;
			sourceTree = "<group>";
		};
		6F36130421561615007967F6 /* Views */ = {
			isa = PBXGroup;
			children = (
				6F361302215613EF007967F6 /* PhotoCell.swift */,
			);
			path = Views;
			sourceTree = "<group>";
		};
		6F3613052156161D007967F6 /* ViewControllers */ = {
			isa = PBXGroup;
			children = (
				A047AD0621624E6E001FBD07 /* Search */,
				A0C1E48121614C54007B4895 /* Favourite */,
				6F3DC2242156B9C200063F2E /* DetailVC.swift */,
			);
			path = ViewControllers;
			sourceTree = "<group>";
		};
		6F3DC21F21567CFD00063F2E /* Model */ = {
			isa = PBXGroup;
			children = (
				6F3DC22021567D0800063F2E /* Photo.swift */,
			);
			path = Model;
			sourceTree = "<group>";
		};
		6FEA192C2156125200E261D9 = {
			isa = PBXGroup;
			children = (
				A0A0CE8B215F131600AB47CE /* Extension */,
				A0981F29215C140800D2B191 /* rxFlickr.gif */,
				A0981F27215C135B00D2B191 /* README.md */,
				A0981F25215C134E00D2B191 /* .gitignore */,
				6FEA19372156125200E261D9 /* RxFlickr */,
				6FEA19362156125200E261D9 /* Products */,
				3F8575244708F6C80783F6A4 /* Pods */,
				C64FEAB7CE7ECCEEFA649C81 /* Frameworks */,
			);
			sourceTree = "<group>";
		};
		6FEA19362156125200E261D9 /* Products */ = {
			isa = PBXGroup;
			children = (
				6FEA19352156125200E261D9 /* RxFlickr.app */,
			);
			name = Products;
			sourceTree = "<group>";
		};
		6FEA19372156125200E261D9 /* RxFlickr */ = {
			isa = PBXGroup;
			children = (
				A0A0CE88215E81CC00AB47CE /* Assets */,
				6F3DC21F21567CFD00063F2E /* Model */,
				A047AD0321622C1F001FBD07 /* Database */,
				1056B4242157458600B85D64 /* Service */,
				6F3613052156161D007967F6 /* ViewControllers */,
				6F36130421561615007967F6 /* Views */,
				6FEA19382156125200E261D9 /* AppDelegate.swift */,
				6FEA193C2156125200E261D9 /* Main.storyboard */,
				6FEA19412156125400E261D9 /* LaunchScreen.storyboard */,
				6FEA19442156125400E261D9 /* Info.plist */,
			);
			path = RxFlickr;
			sourceTree = "<group>";
		};
		A047AD0321622C1F001FBD07 /* Database */ = {
			isa = PBXGroup;
			children = (
				A047AD0421622C3C001FBD07 /* RealmManager.swift */,
			);
			path = Database;
			sourceTree = "<group>";
		};
		A047AD0621624E6E001FBD07 /* Search */ = {
			isa = PBXGroup;
			children = (
				6FEA193A2156125200E261D9 /* PhotoListVC.swift */,
				6F45752421589A640074DC29 /* PhotoListViewReactor.swift */,
			);
			path = Search;
			sourceTree = "<group>";
		};
		A0A0CE88215E81CC00AB47CE /* Assets */ = {
			isa = PBXGroup;
			children = (
				6FEA193F2156125400E261D9 /* Assets.xcassets */,
				A0A0CE89215E81E400AB47CE /* sharp-share-24px.svg */,
			);
			path = Assets;
			sourceTree = "<group>";
		};
		A0A0CE8B215F131600AB47CE /* Extension */ = {
			isa = PBXGroup;
			children = (
				A0A0CE8C215F134900AB47CE /* RxSwiftOperation.swift */,
				A0A0CE8E2160866100AB47CE /* UICollectionViewEx.swift */,
				A0E0E684216136B7006D3935 /* UIControllerEx.swift */,
				A0C1E484216152D2007B4895 /* RxSearchFlowLayout.swift */,
				A0C1E48E2161795E007B4895 /* CodingUserInfoKey+Util.swift */,
			);
			path = Extension;
			sourceTree = "<group>";
		};
		A0C1E48121614C54007B4895 /* Favourite */ = {
			isa = PBXGroup;
			children = (
				A0C1E48221614E06007B4895 /* FavouriteVC.swift */,
			);
			path = Favourite;
			sourceTree = "<group>";
		};
		C64FEAB7CE7ECCEEFA649C81 /* Frameworks */ = {
			isa = PBXGroup;
			children = (
				0352633A8BB7FDD7D9C6E1FA /* Pods_RxFlickr.framework */,
			);
			name = Frameworks;
			sourceTree = "<group>";
		};
/* End PBXGroup section */

/* Begin PBXNativeTarget section */
		6FEA19342156125200E261D9 /* RxFlickr */ = {
			isa = PBXNativeTarget;
			buildConfigurationList = 6FEA19472156125400E261D9 /* Build configuration list for PBXNativeTarget "RxFlickr" */;
			buildPhases = (
				6EE43E0C56BC92692B82320B /* [CP] Check Pods Manifest.lock */,
				6FEA19312156125200E261D9 /* Sources */,
				6FEA19322156125200E261D9 /* Frameworks */,
				6FEA19332156125200E261D9 /* Resources */,
				60739F059DA3BA6F70AE2C0C /* [CP] Embed Pods Frameworks */,
			);
			buildRules = (
			);
			dependencies = (
			);
			name = RxFlickr;
			productName = RxFlickr;
			productReference = 6FEA19352156125200E261D9 /* RxFlickr.app */;
			productType = "com.apple.product-type.application";
		};
/* End PBXNativeTarget section */

/* Begin PBXProject section */
		6FEA192D2156125200E261D9 /* Project object */ = {
			isa = PBXProject;
			attributes = {
				LastSwiftUpdateCheck = 0940;
				LastUpgradeCheck = 0940;
				ORGANIZATIONNAME = victory1908;
				TargetAttributes = {
					6FEA19342156125200E261D9 = {
						CreatedOnToolsVersion = 9.4.1;
						LastSwiftMigration = 1000;
					};
				};
			};
			buildConfigurationList = 6FEA19302156125200E261D9 /* Build configuration list for PBXProject "RxFlickr" */;
			compatibilityVersion = "Xcode 10.0";
			developmentRegion = en;
			hasScannedForEncodings = 0;
			knownRegions = (
				en,
				Base,
			);
			mainGroup = 6FEA192C2156125200E261D9;
			productRefGroup = 6FEA19362156125200E261D9 /* Products */;
			projectDirPath = "";
			projectRoot = "";
			targets = (
				6FEA19342156125200E261D9 /* RxFlickr */,
			);
		};
/* End PBXProject section */

/* Begin PBXResourcesBuildPhase section */
		6FEA19332156125200E261D9 /* Resources */ = {
			isa = PBXResourcesBuildPhase;
			buildActionMask = 2147483647;
			files = (
				A0981F26215C134E00D2B191 /* .gitignore in Resources */,
				6FEA19432156125400E261D9 /* LaunchScreen.storyboard in Resources */,
				A0981F28215C135C00D2B191 /* README.md in Resources */,
				A0A0CE8A215E81E400AB47CE /* sharp-share-24px.svg in Resources */,
				A0981F2A215C140800D2B191 /* rxFlickr.gif in Resources */,
				6FEA19402156125400E261D9 /* Assets.xcassets in Resources */,
				6FEA193E2156125200E261D9 /* Main.storyboard in Resources */,
			);
			runOnlyForDeploymentPostprocessing = 0;
		};
/* End PBXResourcesBuildPhase section */

/* Begin PBXShellScriptBuildPhase section */
		60739F059DA3BA6F70AE2C0C /* [CP] Embed Pods Frameworks */ = {
			isa = PBXShellScriptBuildPhase;
			buildActionMask = 2147483647;
			files = (
			);
			inputFileListPaths = (
			);
			inputPaths = (
				"${SRCROOT}/Pods/Target Support Files/Pods-RxFlickr/Pods-RxFlickr-frameworks.sh",
				"${BUILT_PRODUCTS_DIR}/Alamofire/Alamofire.framework",
				"${BUILT_PRODUCTS_DIR}/Differentiator/Differentiator.framework",
				"${BUILT_PRODUCTS_DIR}/Kingfisher/Kingfisher.framework",
				"${BUILT_PRODUCTS_DIR}/ReactorKit/ReactorKit.framework",
				"${BUILT_PRODUCTS_DIR}/Realm/Realm.framework",
				"${BUILT_PRODUCTS_DIR}/RealmSwift/RealmSwift.framework",
				"${BUILT_PRODUCTS_DIR}/RxCocoa/RxCocoa.framework",
				"${BUILT_PRODUCTS_DIR}/RxDataSources/RxDataSources.framework",
				"${BUILT_PRODUCTS_DIR}/RxOptional/RxOptional.framework",
				"${BUILT_PRODUCTS_DIR}/RxRealm/RxRealm.framework",
				"${BUILT_PRODUCTS_DIR}/RxSwift/RxSwift.framework",
			);
			name = "[CP] Embed Pods Frameworks";
			outputFileListPaths = (
			);
			outputPaths = (
				"${TARGET_BUILD_DIR}/${FRAMEWORKS_FOLDER_PATH}/Alamofire.framework",
				"${TARGET_BUILD_DIR}/${FRAMEWORKS_FOLDER_PATH}/Differentiator.framework",
				"${TARGET_BUILD_DIR}/${FRAMEWORKS_FOLDER_PATH}/Kingfisher.framework",
				"${TARGET_BUILD_DIR}/${FRAMEWORKS_FOLDER_PATH}/ReactorKit.framework",
				"${TARGET_BUILD_DIR}/${FRAMEWORKS_FOLDER_PATH}/Realm.framework",
				"${TARGET_BUILD_DIR}/${FRAMEWORKS_FOLDER_PATH}/RealmSwift.framework",
				"${TARGET_BUILD_DIR}/${FRAMEWORKS_FOLDER_PATH}/RxCocoa.framework",
				"${TARGET_BUILD_DIR}/${FRAMEWORKS_FOLDER_PATH}/RxDataSources.framework",
				"${TARGET_BUILD_DIR}/${FRAMEWORKS_FOLDER_PATH}/RxOptional.framework",
				"${TARGET_BUILD_DIR}/${FRAMEWORKS_FOLDER_PATH}/RxRealm.framework",
				"${TARGET_BUILD_DIR}/${FRAMEWORKS_FOLDER_PATH}/RxSwift.framework",
			);
			runOnlyForDeploymentPostprocessing = 0;
			shellPath = /bin/sh;
			shellScript = "\"${SRCROOT}/Pods/Target Support Files/Pods-RxFlickr/Pods-RxFlickr-frameworks.sh\"\n";
			showEnvVarsInLog = 0;
		};
		6EE43E0C56BC92692B82320B /* [CP] Check Pods Manifest.lock */ = {
			isa = PBXShellScriptBuildPhase;
			buildActionMask = 2147483647;
			files = (
			);
			inputPaths = (
				"${PODS_PODFILE_DIR_PATH}/Podfile.lock",
				"${PODS_ROOT}/Manifest.lock",
			);
			name = "[CP] Check Pods Manifest.lock";
			outputPaths = (
				"$(DERIVED_FILE_DIR)/Pods-RxFlickr-checkManifestLockResult.txt",
			);
			runOnlyForDeploymentPostprocessing = 0;
			shellPath = /bin/sh;
			shellScript = "diff \"${PODS_PODFILE_DIR_PATH}/Podfile.lock\" \"${PODS_ROOT}/Manifest.lock\" > /dev/null\nif [ $? != 0 ] ; then\n    # print error to STDERR\n    echo \"error: The sandbox is not in sync with the Podfile.lock. Run 'pod install' or update your CocoaPods installation.\" >&2\n    exit 1\nfi\n# This output is used by Xcode 'outputs' to avoid re-running this script phase.\necho \"SUCCESS\" > \"${SCRIPT_OUTPUT_FILE_0}\"\n";
			showEnvVarsInLog = 0;
		};
/* End PBXShellScriptBuildPhase section */

/* Begin PBXSourcesBuildPhase section */
		6FEA19312156125200E261D9 /* Sources */ = {
			isa = PBXSourcesBuildPhase;
			buildActionMask = 2147483647;
			files = (
				6FEA193B2156125200E261D9 /* PhotoListVC.swift in Sources */,
				A0A0CE8D215F134900AB47CE /* RxSwiftOperation.swift in Sources */,
				1056B4262157459400B85D64 /* AppService.swift in Sources */,
				A0C1E48F2161795E007B4895 /* CodingUserInfoKey+Util.swift in Sources */,
				6FEA19392156125200E261D9 /* AppDelegate.swift in Sources */,
				A047AD0521622C3C001FBD07 /* RealmManager.swift in Sources */,
				A0E0E685216136B7006D3935 /* UIControllerEx.swift in Sources */,
				6F3DC2252156B9C200063F2E /* DetailVC.swift in Sources */,
				A0A0CE8F2160866100AB47CE /* UICollectionViewEx.swift in Sources */,
				6F361303215613EF007967F6 /* PhotoCell.swift in Sources */,
				A0C1E48321614E06007B4895 /* FavouriteVC.swift in Sources */,
				6F45752521589A640074DC29 /* PhotoListViewReactor.swift in Sources */,
				6F3DC22121567D0800063F2E /* Photo.swift in Sources */,
				A0C1E485216152D2007B4895 /* RxSearchFlowLayout.swift in Sources */,
			);
			runOnlyForDeploymentPostprocessing = 0;
		};
/* End PBXSourcesBuildPhase section */

/* Begin PBXVariantGroup section */
		6FEA193C2156125200E261D9 /* Main.storyboard */ = {
			isa = PBXVariantGroup;
			children = (
				6FEA193D2156125200E261D9 /* Base */,
			);
			name = Main.storyboard;
			sourceTree = "<group>";
		};
		6FEA19412156125400E261D9 /* LaunchScreen.storyboard */ = {
			isa = PBXVariantGroup;
			children = (
				6FEA19422156125400E261D9 /* Base */,
			);
			name = LaunchScreen.storyboard;
			sourceTree = "<group>";
		};
/* End PBXVariantGroup section */

/* Begin XCBuildConfiguration section */
		6FEA19452156125400E261D9 /* Debug */ = {
			isa = XCBuildConfiguration;
			buildSettings = {
				ALWAYS_SEARCH_USER_PATHS = NO;
				CLANG_ANALYZER_NONNULL = YES;
				CLANG_ANALYZER_NUMBER_OBJECT_CONVERSION = YES_AGGRESSIVE;
				CLANG_CXX_LANGUAGE_STANDARD = "gnu++14";
				CLANG_CXX_LIBRARY = "libc++";
				CLANG_ENABLE_MODULES = YES;
				CLANG_ENABLE_OBJC_ARC = YES;
				CLANG_ENABLE_OBJC_WEAK = YES;
				CLANG_WARN_BLOCK_CAPTURE_AUTORELEASING = YES;
				CLANG_WARN_BOOL_CONVERSION = YES;
				CLANG_WARN_COMMA = YES;
				CLANG_WARN_CONSTANT_CONVERSION = YES;
				CLANG_WARN_DEPRECATED_OBJC_IMPLEMENTATIONS = YES;
				CLANG_WARN_DIRECT_OBJC_ISA_USAGE = YES_ERROR;
				CLANG_WARN_DOCUMENTATION_COMMENTS = YES;
				CLANG_WARN_EMPTY_BODY = YES;
				CLANG_WARN_ENUM_CONVERSION = YES;
				CLANG_WARN_INFINITE_RECURSION = YES;
				CLANG_WARN_INT_CONVERSION = YES;
				CLANG_WARN_NON_LITERAL_NULL_CONVERSION = YES;
				CLANG_WARN_OBJC_IMPLICIT_RETAIN_SELF = YES;
				CLANG_WARN_OBJC_LITERAL_CONVERSION = YES;
				CLANG_WARN_OBJC_ROOT_CLASS = YES_ERROR;
				CLANG_WARN_RANGE_LOOP_ANALYSIS = YES;
				CLANG_WARN_STRICT_PROTOTYPES = YES;
				CLANG_WARN_SUSPICIOUS_MOVE = YES;
				CLANG_WARN_UNGUARDED_AVAILABILITY = YES_AGGRESSIVE;
				CLANG_WARN_UNREACHABLE_CODE = YES;
				CLANG_WARN__DUPLICATE_METHOD_MATCH = YES;
				CODE_SIGN_IDENTITY = "iPhone Developer";
				COPY_PHASE_STRIP = NO;
				DEBUG_INFORMATION_FORMAT = dwarf;
				ENABLE_STRICT_OBJC_MSGSEND = YES;
				ENABLE_TESTABILITY = YES;
				GCC_C_LANGUAGE_STANDARD = gnu11;
				GCC_DYNAMIC_NO_PIC = NO;
				GCC_NO_COMMON_BLOCKS = YES;
				GCC_OPTIMIZATION_LEVEL = 0;
				GCC_PREPROCESSOR_DEFINITIONS = (
					"DEBUG=1",
					"$(inherited)",
				);
				GCC_WARN_64_TO_32_BIT_CONVERSION = YES;
				GCC_WARN_ABOUT_RETURN_TYPE = YES_ERROR;
				GCC_WARN_UNDECLARED_SELECTOR = YES;
				GCC_WARN_UNINITIALIZED_AUTOS = YES_AGGRESSIVE;
				GCC_WARN_UNUSED_FUNCTION = YES;
				GCC_WARN_UNUSED_VARIABLE = YES;
				IPHONEOS_DEPLOYMENT_TARGET = 10.0;
				MTL_ENABLE_DEBUG_INFO = YES;
				ONLY_ACTIVE_ARCH = YES;
				SDKROOT = iphoneos;
				SWIFT_ACTIVE_COMPILATION_CONDITIONS = DEBUG;
				SWIFT_OPTIMIZATION_LEVEL = "-Onone";
			};
			name = Debug;
		};
		6FEA19462156125400E261D9 /* Release */ = {
			isa = XCBuildConfiguration;
			buildSettings = {
				ALWAYS_SEARCH_USER_PATHS = NO;
				CLANG_ANALYZER_NONNULL = YES;
				CLANG_ANALYZER_NUMBER_OBJECT_CONVERSION = YES_AGGRESSIVE;
				CLANG_CXX_LANGUAGE_STANDARD = "gnu++14";
				CLANG_CXX_LIBRARY = "libc++";
				CLANG_ENABLE_MODULES = YES;
				CLANG_ENABLE_OBJC_ARC = YES;
				CLANG_ENABLE_OBJC_WEAK = YES;
				CLANG_WARN_BLOCK_CAPTURE_AUTORELEASING = YES;
				CLANG_WARN_BOOL_CONVERSION = YES;
				CLANG_WARN_COMMA = YES;
				CLANG_WARN_CONSTANT_CONVERSION = YES;
				CLANG_WARN_DEPRECATED_OBJC_IMPLEMENTATIONS = YES;
				CLANG_WARN_DIRECT_OBJC_ISA_USAGE = YES_ERROR;
				CLANG_WARN_DOCUMENTATION_COMMENTS = YES;
				CLANG_WARN_EMPTY_BODY = YES;
				CLANG_WARN_ENUM_CONVERSION = YES;
				CLANG_WARN_INFINITE_RECURSION = YES;
				CLANG_WARN_INT_CONVERSION = YES;
				CLANG_WARN_NON_LITERAL_NULL_CONVERSION = YES;
				CLANG_WARN_OBJC_IMPLICIT_RETAIN_SELF = YES;
				CLANG_WARN_OBJC_LITERAL_CONVERSION = YES;
				CLANG_WARN_OBJC_ROOT_CLASS = YES_ERROR;
				CLANG_WARN_RANGE_LOOP_ANALYSIS = YES;
				CLANG_WARN_STRICT_PROTOTYPES = YES;
				CLANG_WARN_SUSPICIOUS_MOVE = YES;
				CLANG_WARN_UNGUARDED_AVAILABILITY = YES_AGGRESSIVE;
				CLANG_WARN_UNREACHABLE_CODE = YES;
				CLANG_WARN__DUPLICATE_METHOD_MATCH = YES;
				CODE_SIGN_IDENTITY = "iPhone Developer";
				COPY_PHASE_STRIP = NO;
				DEBUG_INFORMATION_FORMAT = "dwarf-with-dsym";
				ENABLE_NS_ASSERTIONS = NO;
				ENABLE_STRICT_OBJC_MSGSEND = YES;
				GCC_C_LANGUAGE_STANDARD = gnu11;
				GCC_NO_COMMON_BLOCKS = YES;
				GCC_WARN_64_TO_32_BIT_CONVERSION = YES;
				GCC_WARN_ABOUT_RETURN_TYPE = YES_ERROR;
				GCC_WARN_UNDECLARED_SELECTOR = YES;
				GCC_WARN_UNINITIALIZED_AUTOS = YES_AGGRESSIVE;
				GCC_WARN_UNUSED_FUNCTION = YES;
				GCC_WARN_UNUSED_VARIABLE = YES;
				IPHONEOS_DEPLOYMENT_TARGET = 10.0;
				MTL_ENABLE_DEBUG_INFO = NO;
				SDKROOT = iphoneos;
				SWIFT_COMPILATION_MODE = wholemodule;
				SWIFT_OPTIMIZATION_LEVEL = "-O";
				VALIDATE_PRODUCT = YES;
			};
			name = Release;
		};
		6FEA19482156125400E261D9 /* Debug */ = {
			isa = XCBuildConfiguration;
			baseConfigurationReference = D249AC8B4A30702336FD0BD0 /* Pods-RxFlickr.debug.xcconfig */;
			buildSettings = {
				ASSETCATALOG_COMPILER_APPICON_NAME = AppIcon;
				CODE_SIGN_STYLE = Automatic;
				DEVELOPMENT_TEAM = 8WMZSSREEU;
				INFOPLIST_FILE = RxFlickr/Info.plist;
				IPHONEOS_DEPLOYMENT_TARGET = 10.0;
				LD_RUNPATH_SEARCH_PATHS = (
					"$(inherited)",
					"@executable_path/Frameworks",
				);
				PRODUCT_BUNDLE_IDENTIFIER = com.victory1908.RxFlickr;
				PRODUCT_NAME = "$(TARGET_NAME)";
				SWIFT_VERSION = 4.2;
				TARGETED_DEVICE_FAMILY = "1,2";
			};
			name = Debug;
		};
		6FEA19492156125400E261D9 /* Release */ = {
			isa = XCBuildConfiguration;
			baseConfigurationReference = CCF64BB5A5AB38BC29FF69CD /* Pods-RxFlickr.release.xcconfig */;
			buildSettings = {
				ASSETCATALOG_COMPILER_APPICON_NAME = AppIcon;
				CODE_SIGN_STYLE = Automatic;
				DEVELOPMENT_TEAM = 8WMZSSREEU;
				INFOPLIST_FILE = RxFlickr/Info.plist;
				IPHONEOS_DEPLOYMENT_TARGET = 10.0;
				LD_RUNPATH_SEARCH_PATHS = (
					"$(inherited)",
					"@executable_path/Frameworks",
				);
				PRODUCT_BUNDLE_IDENTIFIER = com.victory1908.RxFlickr;
				PRODUCT_NAME = "$(TARGET_NAME)";
				SWIFT_VERSION = 4.2;
				TARGETED_DEVICE_FAMILY = "1,2";
			};
			name = Release;
		};
/* End XCBuildConfiguration section */

/* Begin XCConfigurationList section */
		6FEA19302156125200E261D9 /* Build configuration list for PBXProject "RxFlickr" */ = {
			isa = XCConfigurationList;
			buildConfigurations = (
				6FEA19452156125400E261D9 /* Debug */,
				6FEA19462156125400E261D9 /* Release */,
			);
			defaultConfigurationIsVisible = 0;
			defaultConfigurationName = Release;
		};
		6FEA19472156125400E261D9 /* Build configuration list for PBXNativeTarget "RxFlickr" */ = {
			isa = XCConfigurationList;
			buildConfigurations = (
				6FEA19482156125400E261D9 /* Debug */,
				6FEA19492156125400E261D9 /* Release */,
			);
			defaultConfigurationIsVisible = 0;
			defaultConfigurationName = Release;
		};
/* End XCConfigurationList section */
	};
	rootObject = 6FEA192D2156125200E261D9 /* Project object */;
}
